{
    "_meta": {
        "hash": {
            "sha256": "4b70ffd3b7ca4d8842539e28b980a5f11741f1af9d137c53a345c71fcb9f2ac9"
        },
        "pipfile-spec": 6,
        "requires": {
            "python_version": "3.8"
        },
        "sources": [
            {
                "name": "pypi",
                "url": "https://pypi.org/simple",
                "verify_ssl": true
            }
        ]
    },
    "default": {
        "configparser": {
            "hashes": [
                "sha256:1b35798fdf1713f1c3139016cfcbc461f09edbf099d1fb658d4b7479fcaa3daa",
                "sha256:e8b39238fb6f0153a069aa253d349467c3c4737934f253ef6abac5fe0eca1e5d"
            ],
            "index": "pypi",
            "version": "==5.2.0"
        }
    },
    "develop": {}
}
